// !$*UTF8*$!
{
	archiveVersion = 1;
	classes = {
	};
	objectVersion = 77;
	objects = {

/* Begin PBXContainerItemProxy section */
		671F3CBB2CE628780028FBA4 /* PBXContainerItemProxy */ = {
			isa = PBXContainerItemProxy;
			containerPortal = 671F3CA22CE628770028FBA4 /* Project object */;
			proxyType = 1;
			remoteGlobalIDString = 671F3CA92CE628770028FBA4;
			remoteInfo = Zitape;
		};
		671F3CC52CE628780028FBA4 /* PBXContainerItemProxy */ = {
			isa = PBXContainerItemProxy;
			containerPortal = 671F3CA22CE628770028FBA4 /* Project object */;
			proxyType = 1;
			remoteGlobalIDString = 671F3CA92CE628770028FBA4;
			remoteInfo = Zitape;
		};
/* End PBXContainerItemProxy section */

/* Begin PBXFileReference section */
		671F3CAA2CE628770028FBA4 /* Zitape.app */ = {isa = PBXFileReference; explicitFileType = wrapper.application; includeInIndex = 0; path = Zitape.app; sourceTree = BUILT_PRODUCTS_DIR; };
		671F3CBA2CE628780028FBA4 /* ZitapeTests.xctest */ = {isa = PBXFileReference; explicitFileType = wrapper.cfbundle; includeInIndex = 0; path = ZitapeTests.xctest; sourceTree = BUILT_PRODUCTS_DIR; };
		671F3CC42CE628780028FBA4 /* ZitapeUITests.xctest */ = {isa = PBXFileReference; explicitFileType = wrapper.cfbundle; includeInIndex = 0; path = ZitapeUITests.xctest; sourceTree = BUILT_PRODUCTS_DIR; };
/* End PBXFileReference section */

/* Begin PBXFileSystemSynchronizedRootGroup section */
		671F3CAC2CE628770028FBA4 /* Zitape */ = {
			isa = PBXFileSystemSynchronizedRootGroup;
			path = Zitape;
			sourceTree = "<group>";
		};
		671F3CBD2CE628780028FBA4 /* ZitapeTests */ = {
			isa = PBXFileSystemSynchronizedRootGroup;
			path = ZitapeTests;
			sourceTree = "<group>";
		};
		671F3CC72CE628780028FBA4 /* ZitapeUITests */ = {
			isa = PBXFileSystemSynchronizedRootGroup;
			path = ZitapeUITests;
			sourceTree = "<group>";
		};
/* End PBXFileSystemSynchronizedRootGroup section */

/* Begin PBXFrameworksBuildPhase section */
		671F3CA72CE628770028FBA4 /* Frameworks */ = {
			isa = PBXFrameworksBuildPhase;
			buildActionMask = 2147483647;
			files = (
			);
			runOnlyForDeploymentPostprocessing = 0;
		};
		671F3CB72CE628780028FBA4 /* Frameworks */ = {
			isa = PBXFrameworksBuildPhase;
			buildActionMask = 2147483647;
			files = (
			);
			runOnlyForDeploymentPostprocessing = 0;
		};
		671F3CC12CE628780028FBA4 /* Frameworks */ = {
			isa = PBXFrameworksBuildPhase;
			buildActionMask = 2147483647;
			files = (
			);
			runOnlyForDeploymentPostprocessing = 0;
		};
/* End PBXFrameworksBuildPhase section */

/* Begin PBXGroup section */
		671F3CA12CE628770028FBA4 = {
			isa = PBXGroup;
			children = (
				671F3CAC2CE628770028FBA4 /* Zitape */,
				671F3CBD2CE628780028FBA4 /* ZitapeTests */,
				671F3CC72CE628780028FBA4 /* ZitapeUITests */,
				671F3CAB2CE628770028FBA4 /* Products */,
			);
			sourceTree = "<group>";
		};
		671F3CAB2CE628770028FBA4 /* Products */ = {
			isa = PBXGroup;
			children = (
				671F3CAA2CE628770028FBA4 /* Zitape.app */,
				671F3CBA2CE628780028FBA4 /* ZitapeTests.xctest */,
				671F3CC42CE628780028FBA4 /* ZitapeUITests.xctest */,
			);
			name = Products;
			sourceTree = "<group>";
		};
/* End PBXGroup section */

/* Begin PBXNativeTarget section */
		671F3CA92CE628770028FBA4 /* Zitape */ = {
			isa = PBXNativeTarget;
			buildConfigurationList = 671F3CCE2CE628780028FBA4 /* Build configuration list for PBXNativeTarget "Zitape" */;
			buildPhases = (
				671F3CA62CE628770028FBA4 /* Sources */,
				671F3CA72CE628770028FBA4 /* Frameworks */,
				671F3CA82CE628770028FBA4 /* Resources */,
			);
			buildRules = (
			);
			dependencies = (
			);
			fileSystemSynchronizedGroups = (
				671F3CAC2CE628770028FBA4 /* Zitape */,
			);
			name = Zitape;
			packageProductDependencies = (
			);
			productName = Zitape;
			productReference = 671F3CAA2CE628770028FBA4 /* Zitape.app */;
			productType = "com.apple.product-type.application";
		};
		671F3CB92CE628780028FBA4 /* ZitapeTests */ = {
			isa = PBXNativeTarget;
			buildConfigurationList = 671F3CD12CE628780028FBA4 /* Build configuration list for PBXNativeTarget "ZitapeTests" */;
			buildPhases = (
				671F3CB62CE628780028FBA4 /* Sources */,
				671F3CB72CE628780028FBA4 /* Frameworks */,
				671F3CB82CE628780028FBA4 /* Resources */,
			);
			buildRules = (
			);
			dependencies = (
				671F3CBC2CE628780028FBA4 /* PBXTargetDependency */,
			);
			fileSystemSynchronizedGroups = (
				671F3CBD2CE628780028FBA4 /* ZitapeTests */,
			);
			name = ZitapeTests;
			packageProductDependencies = (
			);
			productName = ZitapeTests;
			productReference = 671F3CBA2CE628780028FBA4 /* ZitapeTests.xctest */;
			productType = "com.apple.product-type.bundle.unit-test";
		};
		671F3CC32CE628780028FBA4 /* ZitapeUITests */ = {
			isa = PBXNativeTarget;
			buildConfigurationList = 671F3CD42CE628780028FBA4 /* Build configuration list for PBXNativeTarget "ZitapeUITests" */;
			buildPhases = (
				671F3CC02CE628780028FBA4 /* Sources */,
				671F3CC12CE628780028FBA4 /* Frameworks */,
				671F3CC22CE628780028FBA4 /* Resources */,
			);
			buildRules = (
			);
			dependencies = (
				671F3CC62CE628780028FBA4 /* PBXTargetDependency */,
			);
			fileSystemSynchronizedGroups = (
				671F3CC72CE628780028FBA4 /* ZitapeUITests */,
			);
			name = ZitapeUITests;
			packageProductDependencies = (
			);
			productName = ZitapeUITests;
			productReference = 671F3CC42CE628780028FBA4 /* ZitapeUITests.xctest */;
			productType = "com.apple.product-type.bundle.ui-testing";
		};
/* End PBXNativeTarget section */

/* Begin PBXProject section */
		671F3CA22CE628770028FBA4 /* Project object */ = {
			isa = PBXProject;
			attributes = {
				BuildIndependentTargetsInParallel = 1;
				LastSwiftUpdateCheck = 1610;
				LastUpgradeCheck = 1610;
				TargetAttributes = {
					671F3CA92CE628770028FBA4 = {
						CreatedOnToolsVersion = 16.1;
					};
					671F3CB92CE628780028FBA4 = {
						CreatedOnToolsVersion = 16.1;
						TestTargetID = 671F3CA92CE628770028FBA4;
					};
					671F3CC32CE628780028FBA4 = {
						CreatedOnToolsVersion = 16.1;
						TestTargetID = 671F3CA92CE628770028FBA4;
					};
				};
			};
			buildConfigurationList = 671F3CA52CE628770028FBA4 /* Build configuration list for PBXProject "Zitape" */;
			developmentRegion = en;
			hasScannedForEncodings = 0;
			knownRegions = (
				en,
				Base,
			);
			mainGroup = 671F3CA12CE628770028FBA4;
			minimizedProjectReferenceProxies = 1;
			preferredProjectObjectVersion = 77;
			productRefGroup = 671F3CAB2CE628770028FBA4 /* Products */;
			projectDirPath = "";
			projectRoot = "";
			targets = (
				671F3CA92CE628770028FBA4 /* Zitape */,
				671F3CB92CE628780028FBA4 /* ZitapeTests */,
				671F3CC32CE628780028FBA4 /* ZitapeUITests */,
			);
		};
/* End PBXProject section */

/* Begin PBXResourcesBuildPhase section */
		671F3CA82CE628770028FBA4 /* Resources */ = {
			isa = PBXResourcesBuildPhase;
			buildActionMask = 2147483647;
			files = (
			);
			runOnlyForDeploymentPostprocessing = 0;
		};
		671F3CB82CE628780028FBA4 /* Resources */ = {
			isa = PBXResourcesBuildPhase;
			buildActionMask = 2147483647;
			files = (
			);
			runOnlyForDeploymentPostprocessing = 0;
		};
		671F3CC22CE628780028FBA4 /* Resources */ = {
			isa = PBXResourcesBuildPhase;
			buildActionMask = 2147483647;
			files = (
			);
			runOnlyForDeploymentPostprocessing = 0;
		};
/* End PBXResourcesBuildPhase section */

/* Begin PBXSourcesBuildPhase section */
		671F3CA62CE628770028FBA4 /* Sources */ = {
			isa = PBXSourcesBuildPhase;
			buildActionMask = 2147483647;
			files = (
			);
			runOnlyForDeploymentPostprocessing = 0;
		};
		671F3CB62CE628780028FBA4 /* Sources */ = {
			isa = PBXSourcesBuildPhase;
			buildActionMask = 2147483647;
			files = (
			);
			runOnlyForDeploymentPostprocessing = 0;
		};
		671F3CC02CE628780028FBA4 /* Sources */ = {
			isa = PBXSourcesBuildPhase;
			buildActionMask = 2147483647;
			files = (
			);
			runOnlyForDeploymentPostprocessing = 0;
		};
/* End PBXSourcesBuildPhase section */

/* Begin PBXTargetDependency section */
		671F3CBC2CE628780028FBA4 /* PBXTargetDependency */ = {
			isa = PBXTargetDependency;
			target = 671F3CA92CE628770028FBA4 /* Zitape */;
			targetProxy = 671F3CBB2CE628780028FBA4 /* PBXContainerItemProxy */;
		};
		671F3CC62CE628780028FBA4 /* PBXTargetDependency */ = {
			isa = PBXTargetDependency;
			target = 671F3CA92CE628770028FBA4 /* Zitape */;
			targetProxy = 671F3CC52CE628780028FBA4 /* PBXContainerItemProxy */;
		};
/* End PBXTargetDependency section */

/* Begin XCBuildConfiguration section */
		671F3CCC2CE628780028FBA4 /* Debug */ = {
			isa = XCBuildConfiguration;
			buildSettings = {
				ALWAYS_SEARCH_USER_PATHS = NO;
				ASSETCATALOG_COMPILER_GENERATE_SWIFT_ASSET_SYMBOL_EXTENSIONS = YES;
				CLANG_ANALYZER_NONNULL = YES;
				CLANG_ANALYZER_NUMBER_OBJECT_CONVERSION = YES_AGGRESSIVE;
				CLANG_CXX_LANGUAGE_STANDARD = "gnu++20";
				CLANG_ENABLE_MODULES = YES;
				CLANG_ENABLE_OBJC_ARC = YES;
				CLANG_ENABLE_OBJC_WEAK = YES;
				CLANG_WARN_BLOCK_CAPTURE_AUTORELEASING = YES;
				CLANG_WARN_BOOL_CONVERSION = YES;
				CLANG_WARN_COMMA = YES;
				CLANG_WARN_CONSTANT_CONVERSION = YES;
				CLANG_WARN_DEPRECATED_OBJC_IMPLEMENTATIONS = YES;
				CLANG_WARN_DIRECT_OBJC_ISA_USAGE = YES_ERROR;
				CLANG_WARN_DOCUMENTATION_COMMENTS = YES;
				CLANG_WARN_EMPTY_BODY = YES;
				CLANG_WARN_ENUM_CONVERSION = YES;
				CLANG_WARN_INFINITE_RECURSION = YES;
				CLANG_WARN_INT_CONVERSION = YES;
				CLANG_WARN_NON_LITERAL_NULL_CONVERSION = YES;
				CLANG_WARN_OBJC_IMPLICIT_RETAIN_SELF = YES;
				CLANG_WARN_OBJC_LITERAL_CONVERSION = YES;
				CLANG_WARN_OBJC_ROOT_CLASS = YES_ERROR;
				CLANG_WARN_QUOTED_INCLUDE_IN_FRAMEWORK_HEADER = YES;
				CLANG_WARN_RANGE_LOOP_ANALYSIS = YES;
				CLANG_WARN_STRICT_PROTOTYPES = YES;
				CLANG_WARN_SUSPICIOUS_MOVE = YES;
				CLANG_WARN_UNGUARDED_AVAILABILITY = YES_AGGRESSIVE;
				CLANG_WARN_UNREACHABLE_CODE = YES;
				CLANG_WARN__DUPLICATE_METHOD_MATCH = YES;
				COPY_PHASE_STRIP = NO;
				DEBUG_INFORMATION_FORMAT = dwarf;
				ENABLE_STRICT_OBJC_MSGSEND = YES;
				ENABLE_TESTABILITY = YES;
				ENABLE_USER_SCRIPT_SANDBOXING = YES;
				GCC_C_LANGUAGE_STANDARD = gnu17;
				GCC_DYNAMIC_NO_PIC = NO;
				GCC_NO_COMMON_BLOCKS = YES;
				GCC_OPTIMIZATION_LEVEL = 0;
				GCC_PREPROCESSOR_DEFINITIONS = (
					"DEBUG=1",
					"$(inherited)",
				);
				GCC_WARN_64_TO_32_BIT_CONVERSION = YES;
				GCC_WARN_ABOUT_RETURN_TYPE = YES_ERROR;
				GCC_WARN_UNDECLARED_SELECTOR = YES;
				GCC_WARN_UNINITIALIZED_AUTOS = YES_AGGRESSIVE;
				GCC_WARN_UNUSED_FUNCTION = YES;
				GCC_WARN_UNUSED_VARIABLE = YES;
				IPHONEOS_DEPLOYMENT_TARGET = 18.1;
				LOCALIZATION_PREFERS_STRING_CATALOGS = YES;
				MTL_ENABLE_DEBUG_INFO = INCLUDE_SOURCE;
				MTL_FAST_MATH = YES;
				ONLY_ACTIVE_ARCH = YES;
				SDKROOT = iphoneos;
				SWIFT_ACTIVE_COMPILATION_CONDITIONS = "DEBUG $(inherited)";
				SWIFT_OPTIMIZATION_LEVEL = "-Onone";
			};
			name = Debug;
		};
		671F3CCD2CE628780028FBA4 /* Release */ = {
			isa = XCBuildConfiguration;
			buildSettings = {
				ALWAYS_SEARCH_USER_PATHS = NO;
				ASSETCATALOG_COMPILER_GENERATE_SWIFT_ASSET_SYMBOL_EXTENSIONS = YES;
				CLANG_ANALYZER_NONNULL = YES;
				CLANG_ANALYZER_NUMBER_OBJECT_CONVERSION = YES_AGGRESSIVE;
				CLANG_CXX_LANGUAGE_STANDARD = "gnu++20";
				CLANG_ENABLE_MODULES = YES;
				CLANG_ENABLE_OBJC_ARC = YES;
				CLANG_ENABLE_OBJC_WEAK = YES;
				CLANG_WARN_BLOCK_CAPTURE_AUTORELEASING = YES;
				CLANG_WARN_BOOL_CONVERSION = YES;
				CLANG_WARN_COMMA = YES;
				CLANG_WARN_CONSTANT_CONVERSION = YES;
				CLANG_WARN_DEPRECATED_OBJC_IMPLEMENTATIONS = YES;
				CLANG_WARN_DIRECT_OBJC_ISA_USAGE = YES_ERROR;
				CLANG_WARN_DOCUMENTATION_COMMENTS = YES;
				CLANG_WARN_EMPTY_BODY = YES;
				CLANG_WARN_ENUM_CONVERSION = YES;
				CLANG_WARN_INFINITE_RECURSION = YES;
				CLANG_WARN_INT_CONVERSION = YES;
				CLANG_WARN_NON_LITERAL_NULL_CONVERSION = YES;
				CLANG_WARN_OBJC_IMPLICIT_RETAIN_SELF = YES;
				CLANG_WARN_OBJC_LITERAL_CONVERSION = YES;
				CLANG_WARN_OBJC_ROOT_CLASS = YES_ERROR;
				CLANG_WARN_QUOTED_INCLUDE_IN_FRAMEWORK_HEADER = YES;
				CLANG_WARN_RANGE_LOOP_ANALYSIS = YES;
				CLANG_WARN_STRICT_PROTOTYPES = YES;
				CLANG_WARN_SUSPICIOUS_MOVE = YES;
				CLANG_WARN_UNGUARDED_AVAILABILITY = YES_AGGRESSIVE;
				CLANG_WARN_UNREACHABLE_CODE = YES;
				CLANG_WARN__DUPLICATE_METHOD_MATCH = YES;
				COPY_PHASE_STRIP = NO;
				DEBUG_INFORMATION_FORMAT = "dwarf-with-dsym";
				ENABLE_NS_ASSERTIONS = NO;
				ENABLE_STRICT_OBJC_MSGSEND = YES;
				ENABLE_USER_SCRIPT_SANDBOXING = YES;
				GCC_C_LANGUAGE_STANDARD = gnu17;
				GCC_NO_COMMON_BLOCKS = YES;
				GCC_WARN_64_TO_32_BIT_CONVERSION = YES;
				GCC_WARN_ABOUT_RETURN_TYPE = YES_ERROR;
				GCC_WARN_UNDECLARED_SELECTOR = YES;
				GCC_WARN_UNINITIALIZED_AUTOS = YES_AGGRESSIVE;
				GCC_WARN_UNUSED_FUNCTION = YES;
				GCC_WARN_UNUSED_VARIABLE = YES;
				IPHONEOS_DEPLOYMENT_TARGET = 18.1;
				LOCALIZATION_PREFERS_STRING_CATALOGS = YES;
				MTL_ENABLE_DEBUG_INFO = NO;
				MTL_FAST_MATH = YES;
				SDKROOT = iphoneos;
				SWIFT_COMPILATION_MODE = wholemodule;
				VALIDATE_PRODUCT = YES;
			};
			name = Release;
		};
		671F3CCF2CE628780028FBA4 /* Debug */ = {
			isa = XCBuildConfiguration;
			buildSettings = {
				ASSETCATALOG_COMPILER_APPICON_NAME = AppIcon;
				ASSETCATALOG_COMPILER_GLOBAL_ACCENT_COLOR_NAME = AccentColor;
				CODE_SIGN_STYLE = Automatic;
				CURRENT_PROJECT_VERSION = 1;
				DEVELOPMENT_ASSET_PATHS = "\"Zitape/Preview Content\"";
				DEVELOPMENT_TEAM = ZMP4S5Z2J7;
				ENABLE_PREVIEWS = YES;
				GENERATE_INFOPLIST_FILE = YES;
				INFOPLIST_KEY_CFBundleDisplayName = "Zitape Lazca Kelime Oyunu";
				INFOPLIST_KEY_LSApplicationCategoryType = "public.app-category.word-games";
				INFOPLIST_KEY_UIApplicationSceneManifest_Generation = YES;
				INFOPLIST_KEY_UIApplicationSupportsIndirectInputEvents = YES;
				INFOPLIST_KEY_UILaunchScreen_Generation = YES;
				INFOPLIST_KEY_UISupportedInterfaceOrientations = UIInterfaceOrientationPortrait;
				IPHONEOS_DEPLOYMENT_TARGET = 15.6;
				LD_RUNPATH_SEARCH_PATHS = (
					"$(inherited)",
					"@executable_path/Frameworks",
				);
				MARKETING_VERSION = 1.0;
				PRODUCT_BUNDLE_IDENTIFIER = com.omeratahantopcu.Zitape;
				PRODUCT_NAME = "$(TARGET_NAME)";
				SWIFT_EMIT_LOC_STRINGS = YES;
				SWIFT_VERSION = 5.0;
				TARGETED_DEVICE_FAMILY = "1,2";
			};
			name = Debug;
		};
		671F3CD02CE628780028FBA4 /* Release */ = {
			isa = XCBuildConfiguration;
			buildSettings = {
				ASSETCATALOG_COMPILER_APPICON_NAME = AppIcon;
				ASSETCATALOG_COMPILER_GLOBAL_ACCENT_COLOR_NAME = AccentColor;
				CODE_SIGN_STYLE = Automatic;
				CURRENT_PROJECT_VERSION = 1;
				DEVELOPMENT_ASSET_PATHS = "\"Zitape/Preview Content\"";
				DEVELOPMENT_TEAM = ZMP4S5Z2J7;
				ENABLE_PREVIEWS = YES;
				GENERATE_INFOPLIST_FILE = YES;
				INFOPLIST_KEY_CFBundleDisplayName = "Zitape Lazca Kelime Oyunu";
				INFOPLIST_KEY_LSApplicationCategoryType = "public.app-category.word-games";
				INFOPLIST_KEY_UIApplicationSceneManifest_Generation = YES;
				INFOPLIST_KEY_UIApplicationSupportsIndirectInputEvents = YES;
				INFOPLIST_KEY_UILaunchScreen_Generation = YES;
				INFOPLIST_KEY_UISupportedInterfaceOrientations = UIInterfaceOrientationPortrait;
				IPHONEOS_DEPLOYMENT_TARGET = 15.6;
				LD_RUNPATH_SEARCH_PATHS = (
					"$(inherited)",
					"@executable_path/Frameworks",
				);
				MARKETING_VERSION = 1.0;
				PRODUCT_BUNDLE_IDENTIFIER = com.omeratahantopcu.Zitape;
				PRODUCT_NAME = "$(TARGET_NAME)";
				SWIFT_EMIT_LOC_STRINGS = YES;
				SWIFT_VERSION = 5.0;
				TARGETED_DEVICE_FAMILY = "1,2";
			};
			name = Release;
		};
		671F3CD22CE628780028FBA4 /* Debug */ = {
			isa = XCBuildConfiguration;
			buildSettings = {
				BUNDLE_LOADER = "$(TEST_HOST)";
				CODE_SIGN_STYLE = Automatic;
				CURRENT_PROJECT_VERSION = 1;
				DEVELOPMENT_TEAM = ZMP4S5Z2J7;
				GENERATE_INFOPLIST_FILE = YES;
				IPHONEOS_DEPLOYMENT_TARGET = 18.1;
				MARKETING_VERSION = 1.0;
				PRODUCT_BUNDLE_IDENTIFIER = com.omeratahantopcu.ZitapeTests;
				PRODUCT_NAME = "$(TARGET_NAME)";
				SWIFT_EMIT_LOC_STRINGS = NO;
				SWIFT_VERSION = 5.0;
				TARGETED_DEVICE_FAMILY = "1,2";
				TEST_HOST = "$(BUILT_PRODUCTS_DIR)/Zitape.app/$(BUNDLE_EXECUTABLE_FOLDER_PATH)/Zitape";
			};
			name = Debug;
		};
		671F3CD32CE628780028FBA4 /* Release */ = {
			isa = XCBuildConfiguration;
			buildSettings = {
				BUNDLE_LOADER = "$(TEST_HOST)";
				CODE_SIGN_STYLE = Automatic;
				CURRENT_PROJECT_VERSION = 1;
				DEVELOPMENT_TEAM = ZMP4S5Z2J7;
				GENERATE_INFOPLIST_FILE = YES;
				IPHONEOS_DEPLOYMENT_TARGET = 18.1;
				MARKETING_VERSION = 1.0;
				PRODUCT_BUNDLE_IDENTIFIER = com.omeratahantopcu.ZitapeTests;
				PRODUCT_NAME = "$(TARGET_NAME)";
				SWIFT_EMIT_LOC_STRINGS = NO;
				SWIFT_VERSION = 5.0;
				TARGETED_DEVICE_FAMILY = "1,2";
				TEST_HOST = "$(BUILT_PRODUCTS_DIR)/Zitape.app/$(BUNDLE_EXECUTABLE_FOLDER_PATH)/Zitape";
			};
			name = Release;
		};
		671F3CD52CE628780028FBA4 /* Debug */ = {
			isa = XCBuildConfiguration;
			buildSettings = {
				CODE_SIGN_STYLE = Automatic;
				CURRENT_PROJECT_VERSION = 1;
				DEVELOPMENT_TEAM = ZMP4S5Z2J7;
				GENERATE_INFOPLIST_FILE = YES;
				MARKETING_VERSION = 1.0;
				PRODUCT_BUNDLE_IDENTIFIER = com.omeratahantopcu.ZitapeUITests;
				PRODUCT_NAME = "$(TARGET_NAME)";
				SWIFT_EMIT_LOC_STRINGS = NO;
				SWIFT_VERSION = 5.0;
				TARGETED_DEVICE_FAMILY = "1,2";
				TEST_TARGET_NAME = Zitape;
			};
			name = Debug;
		};
		671F3CD62CE628780028FBA4 /* Release */ = {
			isa = XCBuildConfiguration;
			buildSettings = {
				CODE_SIGN_STYLE = Automatic;
				CURRENT_PROJECT_VERSION = 1;
				DEVELOPMENT_TEAM = ZMP4S5Z2J7;
				GENERATE_INFOPLIST_FILE = YES;
				MARKETING_VERSION = 1.0;
				PRODUCT_BUNDLE_IDENTIFIER = com.omeratahantopcu.ZitapeUITests;
				PRODUCT_NAME = "$(TARGET_NAME)";
				SWIFT_EMIT_LOC_STRINGS = NO;
				SWIFT_VERSION = 5.0;
				TARGETED_DEVICE_FAMILY = "1,2";
				TEST_TARGET_NAME = Zitape;
			};
			name = Release;
		};
/* End XCBuildConfiguration section */

/* Begin XCConfigurationList section */
		671F3CA52CE628770028FBA4 /* Build configuration list for PBXProject "Zitape" */ = {
			isa = XCConfigurationList;
			buildConfigurations = (
				671F3CCC2CE628780028FBA4 /* Debug */,
				671F3CCD2CE628780028FBA4 /* Release */,
			);
			defaultConfigurationIsVisible = 0;
			defaultConfigurationName = Release;
		};
		671F3CCE2CE628780028FBA4 /* Build configuration list for PBXNativeTarget "Zitape" */ = {
			isa = XCConfigurationList;
			buildConfigurations = (
				671F3CCF2CE628780028FBA4 /* Debug */,
				671F3CD02CE628780028FBA4 /* Release */,
			);
			defaultConfigurationIsVisible = 0;
			defaultConfigurationName = Release;
		};
		671F3CD12CE628780028FBA4 /* Build configuration list for PBXNativeTarget "ZitapeTests" */ = {
			isa = XCConfigurationList;
			buildConfigurations = (
				671F3CD22CE628780028FBA4 /* Debug */,
				671F3CD32CE628780028FBA4 /* Release */,
			);
			defaultConfigurationIsVisible = 0;
			defaultConfigurationName = Release;
		};
		671F3CD42CE628780028FBA4 /* Build configuration list for PBXNativeTarget "ZitapeUITests" */ = {
			isa = XCConfigurationList;
			buildConfigurations = (
				671F3CD52CE628780028FBA4 /* Debug */,
				671F3CD62CE628780028FBA4 /* Release */,
			);
			defaultConfigurationIsVisible = 0;
			defaultConfigurationName = Release;
		};
/* End XCConfigurationList section */
	};
	rootObject = 671F3CA22CE628770028FBA4 /* Project object */;
}
